
Microsoft Visual Studio Solution File, Format Version 12.00
# Visual Studio Version 16
VisualStudioVersion = 16.0.32126.315
MinimumVisualStudioVersion = 10.0.40219.1
Project("{FAE04EC0-301F-11D3-BF4B-00C04F79EFBC}") = "brave", "brave\brave.csproj", "{83090684-16E9-46B5-A1E8-62DFAB49E430}"
EndProject
Global
	GlobalSection(SolutionConfigurationPlatforms) = preSolution
		Debug|Any CPU = Debug|Any CPU
		Release|Any CPU = Release|Any CPU
	EndGlobalSection
	GlobalSection(ProjectConfigurationPlatforms) = postSolution
		{83090684-16E9-46B5-A1E8-62DFAB49E430}.Debug|Any CPU.ActiveCfg = Debug|Any CPU
		{83090684-16E9-46B5-A1E8-62DFAB49E430}.Debug|Any CPU.Build.0 = Debug|Any CPU
		{83090684-16E9-46B5-A1E8-62DFAB49E430}.Release|Any CPU.ActiveCfg = Release|Any CPU
		{83090684-16E9-46B5-A1E8-62DFAB49E430}.Release|Any CPU.Build.0 = Release|Any CPU
	EndGlobalSection
	GlobalSection(SolutionProperties) = preSolution
		HideSolutionNode = FALSE
	EndGlobalSection
	GlobalSection(ExtensibilityGlobals) = postSolution
		SolutionGuid = {C7D62FF9-0E3E-461C-88D4-B884B8C007A1}
	EndGlobalSection
EndGlobal
